// !$*UTF8*$!
{
	archiveVersion = 1;
	classes = {
	};
	objectVersion = 46;
	objects = {

/* Begin PBXBuildFile section */
		21281088145FA08F004FF62A /* MessageUI.framework in Frameworks */ = {isa = PBXBuildFile; fileRef = 21281087145FA08F004FF62A /* MessageUI.framework */; };
		2128108C145FA85F004FF62A /* NotificationView.m in Sources */ = {isa = PBXBuildFile; fileRef = 2128108B145FA85F004FF62A /* NotificationView.m */; };
		212FCF11145A51C1005B7615 /* EGORefreshTableHeaderView.m in Sources */ = {isa = PBXBuildFile; fileRef = 212FCF10145A51C1005B7615 /* EGORefreshTableHeaderView.m */; };
		212FCF43145A9619005B7615 /* LoadingView.m in Sources */ = {isa = PBXBuildFile; fileRef = 212FCF42145A9618005B7615 /* LoadingView.m */; };
		212FCF4F145AC968005B7615 /* AboutView.m in Sources */ = {isa = PBXBuildFile; fileRef = 212FCF4E145AC967005B7615 /* AboutView.m */; };
		21491677145EB8E400BE9DC6 /* AboutController.m in Sources */ = {isa = PBXBuildFile; fileRef = 21491676145EB8E400BE9DC6 /* AboutController.m */; };
		2152CC0E144E65CA00F22682 /* UIKit.framework in Frameworks */ = {isa = PBXBuildFile; fileRef = 2152CC0D144E65CA00F22682 /* UIKit.framework */; };
		2152CC10144E65CA00F22682 /* Foundation.framework in Frameworks */ = {isa = PBXBuildFile; fileRef = 2152CC0F144E65CA00F22682 /* Foundation.framework */; };
		2152CC12144E65CA00F22682 /* CoreGraphics.framework in Frameworks */ = {isa = PBXBuildFile; fileRef = 2152CC11144E65CA00F22682 /* CoreGraphics.framework */; };
		2152CC18144E65CA00F22682 /* InfoPlist.strings in Resources */ = {isa = PBXBuildFile; fileRef = 2152CC16144E65CA00F22682 /* InfoPlist.strings */; };
		2152CC1A144E65CA00F22682 /* main.m in Sources */ = {isa = PBXBuildFile; fileRef = 2152CC19144E65CA00F22682 /* main.m */; };
		2152CC1E144E65CA00F22682 /* AppDelegate.m in Sources */ = {isa = PBXBuildFile; fileRef = 2152CC1D144E65CA00F22682 /* AppDelegate.m */; settings = {COMPILER_FLAGS = "-fno-objc-arc"; }; };
		2152CC27144E669700F22682 /* SettingsController.m in Sources */ = {isa = PBXBuildFile; fileRef = 2152CC26144E669700F22682 /* SettingsController.m */; };
		2152CC35144E690D00F22682 /* SettingsView.m in Sources */ = {isa = PBXBuildFile; fileRef = 2152CC34144E690D00F22682 /* SettingsView.m */; };
		2152CC37144E79B300F22682 /* CFNetwork.framework in Frameworks */ = {isa = PBXBuildFile; fileRef = 2152CC36144E79B300F22682 /* CFNetwork.framework */; };
		2152CC39144E79BF00F22682 /* MobileCoreServices.framework in Frameworks */ = {isa = PBXBuildFile; fileRef = 2152CC38144E79BF00F22682 /* MobileCoreServices.framework */; };
		2152CC3B144E79DA00F22682 /* SystemConfiguration.framework in Frameworks */ = {isa = PBXBuildFile; fileRef = 2152CC3A144E79DA00F22682 /* SystemConfiguration.framework */; };
		2152CC3D144E79E800F22682 /* QuartzCore.framework in Frameworks */ = {isa = PBXBuildFile; fileRef = 2152CC3C144E79E800F22682 /* QuartzCore.framework */; };
		2152CC3F144E79FF00F22682 /* libz.1.1.3.dylib in Frameworks */ = {isa = PBXBuildFile; fileRef = 2152CC3E144E79FF00F22682 /* libz.1.1.3.dylib */; };
		216ABD9B145BEF240019400E /* NSString+Empty.m in Sources */ = {isa = PBXBuildFile; fileRef = 216ABD9A145BEF240019400E /* NSString+Empty.m */; };
		216ABDA7145C31370019400E /* UINavigationBar+Utilities.m in Sources */ = {isa = PBXBuildFile; fileRef = 216ABDA6145C31360019400E /* UINavigationBar+Utilities.m */; };
		216B9BD8146395AE0063CB86 /* about.png in Resources */ = {isa = PBXBuildFile; fileRef = 216B9BD6146395AE0063CB86 /* about.png */; };
		216B9BD9146395AE0063CB86 /* about@2x.png in Resources */ = {isa = PBXBuildFile; fileRef = 216B9BD7146395AE0063CB86 /* about@2x.png */; };
		216B9BE0146397090063CB86 /* Connect.png in Resources */ = {isa = PBXBuildFile; fileRef = 216B9BDE146397090063CB86 /* Connect.png */; };
		216B9BE1146397090063CB86 /* Connect@2x.png in Resources */ = {isa = PBXBuildFile; fileRef = 216B9BDF146397090063CB86 /* Connect@2x.png */; };
		216B9BE4146397DA0063CB86 /* disclosure.png in Resources */ = {isa = PBXBuildFile; fileRef = 216B9BE2146397DA0063CB86 /* disclosure.png */; };
		216B9BE5146397DA0063CB86 /* disclosure@2x.png in Resources */ = {isa = PBXBuildFile; fileRef = 216B9BE3146397DA0063CB86 /* disclosure@2x.png */; };
		216B9BEC146398660063CB86 /* Edit.png in Resources */ = {isa = PBXBuildFile; fileRef = 216B9BEA146398660063CB86 /* Edit.png */; };
		216B9BED146398660063CB86 /* Edit@2x.png in Resources */ = {isa = PBXBuildFile; fileRef = 216B9BEB146398660063CB86 /* Edit@2x.png */; };
		216B9BF0146398880063CB86 /* Done.png in Resources */ = {isa = PBXBuildFile; fileRef = 216B9BEE146398870063CB86 /* Done.png */; };
		216B9BF1146398880063CB86 /* Done@2x.png in Resources */ = {isa = PBXBuildFile; fileRef = 216B9BEF146398880063CB86 /* Done@2x.png */; };
		216B9BF4146399180063CB86 /* Email.png in Resources */ = {isa = PBXBuildFile; fileRef = 216B9BF2146399180063CB86 /* Email.png */; };
		216B9BF5146399180063CB86 /* Email@2x.png in Resources */ = {isa = PBXBuildFile; fileRef = 216B9BF3146399180063CB86 /* Email@2x.png */; };
		216B9BFC146399FF0063CB86 /* list.png in Resources */ = {isa = PBXBuildFile; fileRef = 216B9BFA146399FF0063CB86 /* list.png */; };
		216B9BFD146399FF0063CB86 /* list@2x.png in Resources */ = {isa = PBXBuildFile; fileRef = 216B9BFB146399FF0063CB86 /* list@2x.png */; };
		216B9C0414639AF60063CB86 /* disabled.png in Resources */ = {isa = PBXBuildFile; fileRef = 216B9C0214639AF50063CB86 /* disabled.png */; };
		216B9C0514639AF60063CB86 /* disabled@2x.png in Resources */ = {isa = PBXBuildFile; fileRef = 216B9C0314639AF50063CB86 /* disabled@2x.png */; };
		216B9C0814639B1C0063CB86 /* add.png in Resources */ = {isa = PBXBuildFile; fileRef = 216B9C0614639B1C0063CB86 /* add.png */; };
		216B9C0914639B1C0063CB86 /* add@2x.png in Resources */ = {isa = PBXBuildFile; fileRef = 216B9C0714639B1C0063CB86 /* add@2x.png */; };
		216B9C0C14639BEE0063CB86 /* aborted.png in Resources */ = {isa = PBXBuildFile; fileRef = 216B9C0A14639BED0063CB86 /* aborted.png */; };
		216B9C0D14639BEE0063CB86 /* aborted@2x.png in Resources */ = {isa = PBXBuildFile; fileRef = 216B9C0B14639BEE0063CB86 /* aborted@2x.png */; };
		216B9C0F1463A0D80063CB86 /* navbar.png in Resources */ = {isa = PBXBuildFile; fileRef = 216B9C0E1463A0D80063CB86 /* navbar.png */; };
		216B9C121463A7650063CB86 /* hide.png in Resources */ = {isa = PBXBuildFile; fileRef = 216B9C101463A7650063CB86 /* hide.png */; };
		216B9C131463A7650063CB86 /* hide@2x.png in Resources */ = {isa = PBXBuildFile; fileRef = 216B9C111463A7650063CB86 /* hide@2x.png */; };
		216B9C161463A76E0063CB86 /* show.png in Resources */ = {isa = PBXBuildFile; fileRef = 216B9C141463A76D0063CB86 /* show.png */; };
		216B9C171463A76E0063CB86 /* show@2x.png in Resources */ = {isa = PBXBuildFile; fileRef = 216B9C151463A76E0063CB86 /* show@2x.png */; };
		216BB87C146401CF00496DCD /* Error.png in Resources */ = {isa = PBXBuildFile; fileRef = 216BB87B146401CF00496DCD /* Error.png */; };
		216BB87E146401E700496DCD /* Success.png in Resources */ = {isa = PBXBuildFile; fileRef = 216BB87D146401E700496DCD /* Success.png */; };
		216BB88514641A5900496DCD /* action.png in Resources */ = {isa = PBXBuildFile; fileRef = 216BB88314641A5900496DCD /* action.png */; };
		216BB88614641A5900496DCD /* action@2x.png in Resources */ = {isa = PBXBuildFile; fileRef = 216BB88414641A5900496DCD /* action@2x.png */; };
		2172413D1459152200DE5E82 /* UIColor+Hex.m in Sources */ = {isa = PBXBuildFile; fileRef = 2172413C1459152200DE5E82 /* UIColor+Hex.m */; };
		217241521459289400DE5E82 /* UserData.m in Sources */ = {isa = PBXBuildFile; fileRef = 217241511459289300DE5E82 /* UserData.m */; };
		217BFBBB145E779600C4A456 /* UIView+Size.m in Sources */ = {isa = PBXBuildFile; fileRef = 217BFBBA145E779500C4A456 /* UIView+Size.m */; };
		217BFBBE145E7B0400C4A456 /* ConnectionFailedView.m in Sources */ = {isa = PBXBuildFile; fileRef = 217BFBBD145E7B0400C4A456 /* ConnectionFailedView.m */; };
		217BFBC1145E7E1700C4A456 /* MeaningfulErrors.m in Sources */ = {isa = PBXBuildFile; fileRef = 217BFBC0145E7E1700C4A456 /* MeaningfulErrors.m */; };
		218A0417144F8B1D0015AD0D /* BuildDashboard.m in Sources */ = {isa = PBXBuildFile; fileRef = 218A0416144F8B1D0015AD0D /* BuildDashboard.m */; };
		218A041B144F8B8C0015AD0D /* Build.m in Sources */ = {isa = PBXBuildFile; fileRef = 218A041A144F8B8C0015AD0D /* Build.m */; };
		218A0429144F956F0015AD0D /* NSArray+Blocks.m in Sources */ = {isa = PBXBuildFile; fileRef = 218A0428144F956F0015AD0D /* NSArray+Blocks.m */; };
		218ABD63145EDE24004713E6 /* NetworkCheck.m in Sources */ = {isa = PBXBuildFile; fileRef = 218ABD62145EDE24004713E6 /* NetworkCheck.m */; };
		219E3B27144EABB300EF4A5D /* DisplayBuildsController.m in Sources */ = {isa = PBXBuildFile; fileRef = 219E3B26144EABB300EF4A5D /* DisplayBuildsController.m */; };
		219E3B2D144EADB100EF4A5D /* DisplayBuildsView.m in Sources */ = {isa = PBXBuildFile; fileRef = 219E3B2C144EADB100EF4A5D /* DisplayBuildsView.m */; };
		219E3B34144EBBFB00EF4A5D /* AddressFormatter.m in Sources */ = {isa = PBXBuildFile; fileRef = 219E3B33144EBBFB00EF4A5D /* AddressFormatter.m */; };
		21A5AECA145B7C2800FCE78D /* UILabel+Heading.m in Sources */ = {isa = PBXBuildFile; fileRef = 21A5AEC9145B7C2800FCE78D /* UILabel+Heading.m */; };
		21A6BA081459F913002BA20C /* row-middle.png in Resources */ = {isa = PBXBuildFile; fileRef = 21A6BA071459F913002BA20C /* row-middle.png */; };
		21DF50261468955500BA1FD4 /* Default.png in Resources */ = {isa = PBXBuildFile; fileRef = 21DF50241468955500BA1FD4 /* Default.png */; };
		21DF50271468955500BA1FD4 /* Default@2x.png in Resources */ = {isa = PBXBuildFile; fileRef = 21DF50251468955500BA1FD4 /* Default@2x.png */; };
		21EB710F1467791400B3244B /* Icon@2x.png in Resources */ = {isa = PBXBuildFile; fileRef = 21EB710E1467791400B3244B /* Icon@2x.png */; };
		21EB71111467791900B3244B /* Icon.png in Resources */ = {isa = PBXBuildFile; fileRef = 21EB71101467791900B3244B /* Icon.png */; };
		21EB711414677A0400B3244B /* Settings.png in Resources */ = {isa = PBXBuildFile; fileRef = 21EB711214677A0400B3244B /* Settings.png */; };
		21EB711514677A0400B3244B /* Settings@2x.png in Resources */ = {isa = PBXBuildFile; fileRef = 21EB711314677A0400B3244B /* Settings@2x.png */; };
		21F76C0A144E830F00F0BB5F /* NSObject+SBJson.m in Sources */ = {isa = PBXBuildFile; fileRef = 21F76BF2144E830F00F0BB5F /* NSObject+SBJson.m */; };
		21F76C0B144E830F00F0BB5F /* SBJsonParser.m in Sources */ = {isa = PBXBuildFile; fileRef = 21F76BF5144E830F00F0BB5F /* SBJsonParser.m */; };
		21F76C0C144E830F00F0BB5F /* SBJsonStreamParser.m in Sources */ = {isa = PBXBuildFile; fileRef = 21F76BF7144E830F00F0BB5F /* SBJsonStreamParser.m */; };
		21F76C0D144E830F00F0BB5F /* SBJsonStreamParserAccumulator.m in Sources */ = {isa = PBXBuildFile; fileRef = 21F76BF9144E830F00F0BB5F /* SBJsonStreamParserAccumulator.m */; };
		21F76C0E144E830F00F0BB5F /* SBJsonStreamParserAdapter.m in Sources */ = {isa = PBXBuildFile; fileRef = 21F76BFB144E830F00F0BB5F /* SBJsonStreamParserAdapter.m */; };
		21F76C0F144E830F00F0BB5F /* SBJsonStreamParserState.m in Sources */ = {isa = PBXBuildFile; fileRef = 21F76BFD144E830F00F0BB5F /* SBJsonStreamParserState.m */; };
		21F76C10144E830F00F0BB5F /* SBJsonStreamWriter.m in Sources */ = {isa = PBXBuildFile; fileRef = 21F76BFF144E830F00F0BB5F /* SBJsonStreamWriter.m */; };
		21F76C11144E830F00F0BB5F /* SBJsonStreamWriterAccumulator.m in Sources */ = {isa = PBXBuildFile; fileRef = 21F76C01144E830F00F0BB5F /* SBJsonStreamWriterAccumulator.m */; };
		21F76C12144E830F00F0BB5F /* SBJsonStreamWriterState.m in Sources */ = {isa = PBXBuildFile; fileRef = 21F76C03144E830F00F0BB5F /* SBJsonStreamWriterState.m */; };
		21F76C13144E830F00F0BB5F /* SBJsonTokeniser.m in Sources */ = {isa = PBXBuildFile; fileRef = 21F76C05144E830F00F0BB5F /* SBJsonTokeniser.m */; };
		21F76C14144E830F00F0BB5F /* SBJsonUTF8Stream.m in Sources */ = {isa = PBXBuildFile; fileRef = 21F76C07144E830F00F0BB5F /* SBJsonUTF8Stream.m */; };
		21F76C15144E830F00F0BB5F /* SBJsonWriter.m in Sources */ = {isa = PBXBuildFile; fileRef = 21F76C09144E830F00F0BB5F /* SBJsonWriter.m */; };
		21F76C2A144E838E00F0BB5F /* ASIAuthenticationDialog.m in Sources */ = {isa = PBXBuildFile; fileRef = 21F76C17144E838E00F0BB5F /* ASIAuthenticationDialog.m */; settings = {COMPILER_FLAGS = " -fno-objc-arc"; }; };
		21F76C2B144E838E00F0BB5F /* ASIDataCompressor.m in Sources */ = {isa = PBXBuildFile; fileRef = 21F76C1A144E838E00F0BB5F /* ASIDataCompressor.m */; settings = {COMPILER_FLAGS = " -fno-objc-arc"; }; };
		21F76C2C144E838E00F0BB5F /* ASIDataDecompressor.m in Sources */ = {isa = PBXBuildFile; fileRef = 21F76C1C144E838E00F0BB5F /* ASIDataDecompressor.m */; settings = {COMPILER_FLAGS = " -fno-objc-arc"; }; };
		21F76C2D144E838E00F0BB5F /* ASIDownloadCache.m in Sources */ = {isa = PBXBuildFile; fileRef = 21F76C1E144E838E00F0BB5F /* ASIDownloadCache.m */; settings = {COMPILER_FLAGS = " -fno-objc-arc"; }; };
		21F76C2E144E838E00F0BB5F /* ASIFormDataRequest.m in Sources */ = {isa = PBXBuildFile; fileRef = 21F76C20144E838E00F0BB5F /* ASIFormDataRequest.m */; settings = {COMPILER_FLAGS = " -fno-objc-arc"; }; };
		21F76C2F144E838E00F0BB5F /* ASIHTTPRequest.m in Sources */ = {isa = PBXBuildFile; fileRef = 21F76C22144E838E00F0BB5F /* ASIHTTPRequest.m */; settings = {COMPILER_FLAGS = " -fno-objc-arc"; }; };
		21F76C30144E838E00F0BB5F /* ASIInputStream.m in Sources */ = {isa = PBXBuildFile; fileRef = 21F76C26144E838E00F0BB5F /* ASIInputStream.m */; settings = {COMPILER_FLAGS = " -fno-objc-arc"; }; };
		21F76C31144E838E00F0BB5F /* ASINetworkQueue.m in Sources */ = {isa = PBXBuildFile; fileRef = 21F76C28144E838E00F0BB5F /* ASINetworkQueue.m */; settings = {COMPILER_FLAGS = " -fno-objc-arc"; }; };
		21F76C34144E839C00F0BB5F /* Reachability.m in Sources */ = {isa = PBXBuildFile; fileRef = 21F76C33144E839C00F0BB5F /* Reachability.m */; settings = {COMPILER_FLAGS = " -fno-objc-arc"; }; };
		21F76C34144E839C00F0BB61 /* BuildDetailView.m in Sources */ = {isa = PBXBuildFile; fileRef = 21F76C34144E839C00F0BB60 /* BuildDetailView.m */; };
		21F76C34144E839C00F0BB64 /* BuildDetailController.m in Sources */ = {isa = PBXBuildFile; fileRef = 21F76C34144E839C00F0BB63 /* BuildDetailController.m */; };
		21F76C34144E839C00F0BB67 /* BuildDetail.m in Sources */ = {isa = PBXBuildFile; fileRef = 21F76C34144E839C00F0BB66 /* BuildDetail.m */; };
		21FA9324145E263600166EB8 /* Background.png in Resources */ = {isa = PBXBuildFile; fileRef = 21FA9322145E263600166EB8 /* Background.png */; };
		21FA9325145E263600166EB8 /* Background@2x.png in Resources */ = {isa = PBXBuildFile; fileRef = 21FA9323145E263600166EB8 /* Background@2x.png */; };
		21FA932A145E288E00166EB8 /* UINavigationController+Shadow.m in Sources */ = {isa = PBXBuildFile; fileRef = 21FA9329145E288E00166EB8 /* UINavigationController+Shadow.m */; settings = {COMPILER_FLAGS = "-fno-objc-arc"; }; };
/* End PBXBuildFile section */

/* Begin PBXFileReference section */
		21281087145FA08F004FF62A /* MessageUI.framework */ = {isa = PBXFileReference; lastKnownFileType = wrapper.framework; name = MessageUI.framework; path = System/Library/Frameworks/MessageUI.framework; sourceTree = SDKROOT; };
		2128108A145FA85F004FF62A /* NotificationView.h */ = {isa = PBXFileReference; fileEncoding = 4; lastKnownFileType = sourcecode.c.h; path = NotificationView.h; sourceTree = "<group>"; };
		2128108B145FA85F004FF62A /* NotificationView.m */ = {isa = PBXFileReference; fileEncoding = 4; lastKnownFileType = sourcecode.c.objc; path = NotificationView.m; sourceTree = "<group>"; };
		212FCF0F145A51C1005B7615 /* EGORefreshTableHeaderView.h */ = {isa = PBXFileReference; fileEncoding = 4; lastKnownFileType = sourcecode.c.h; path = EGORefreshTableHeaderView.h; sourceTree = "<group>"; };
		212FCF10145A51C1005B7615 /* EGORefreshTableHeaderView.m */ = {isa = PBXFileReference; fileEncoding = 4; lastKnownFileType = sourcecode.c.objc; path = EGORefreshTableHeaderView.m; sourceTree = "<group>"; };
		212FCF41145A9618005B7615 /* LoadingView.h */ = {isa = PBXFileReference; fileEncoding = 4; lastKnownFileType = sourcecode.c.h; path = LoadingView.h; sourceTree = "<group>"; };
		212FCF42145A9618005B7615 /* LoadingView.m */ = {isa = PBXFileReference; fileEncoding = 4; lastKnownFileType = sourcecode.c.objc; path = LoadingView.m; sourceTree = "<group>"; };
		212FCF4D145AC967005B7615 /* AboutView.h */ = {isa = PBXFileReference; fileEncoding = 4; lastKnownFileType = sourcecode.c.h; path = AboutView.h; sourceTree = "<group>"; };
		212FCF4E145AC967005B7615 /* AboutView.m */ = {isa = PBXFileReference; fileEncoding = 4; lastKnownFileType = sourcecode.c.objc; path = AboutView.m; sourceTree = "<group>"; };
		21491675145EB8E400BE9DC6 /* AboutController.h */ = {isa = PBXFileReference; fileEncoding = 4; lastKnownFileType = sourcecode.c.h; path = AboutController.h; sourceTree = "<group>"; };
		21491676145EB8E400BE9DC6 /* AboutController.m */ = {isa = PBXFileReference; fileEncoding = 4; lastKnownFileType = sourcecode.c.objc; path = AboutController.m; sourceTree = "<group>"; };
		2152CC09144E65CA00F22682 /* iBroke.app */ = {isa = PBXFileReference; explicitFileType = wrapper.application; includeInIndex = 0; path = iBroke.app; sourceTree = BUILT_PRODUCTS_DIR; };
		2152CC0D144E65CA00F22682 /* UIKit.framework */ = {isa = PBXFileReference; lastKnownFileType = wrapper.framework; name = UIKit.framework; path = System/Library/Frameworks/UIKit.framework; sourceTree = SDKROOT; };
		2152CC0F144E65CA00F22682 /* Foundation.framework */ = {isa = PBXFileReference; lastKnownFileType = wrapper.framework; name = Foundation.framework; path = System/Library/Frameworks/Foundation.framework; sourceTree = SDKROOT; };
		2152CC11144E65CA00F22682 /* CoreGraphics.framework */ = {isa = PBXFileReference; lastKnownFileType = wrapper.framework; name = CoreGraphics.framework; path = System/Library/Frameworks/CoreGraphics.framework; sourceTree = SDKROOT; };
		2152CC15144E65CA00F22682 /* iBroke-Info.plist */ = {isa = PBXFileReference; lastKnownFileType = text.plist.xml; path = "iBroke-Info.plist"; sourceTree = "<group>"; };
		2152CC17144E65CA00F22682 /* en */ = {isa = PBXFileReference; lastKnownFileType = text.plist.strings; name = en; path = en.lproj/InfoPlist.strings; sourceTree = "<group>"; };
		2152CC19144E65CA00F22682 /* main.m */ = {isa = PBXFileReference; lastKnownFileType = sourcecode.c.objc; path = main.m; sourceTree = "<group>"; };
		2152CC1B144E65CA00F22682 /* iBroke-Prefix.pch */ = {isa = PBXFileReference; lastKnownFileType = sourcecode.c.h; path = "iBroke-Prefix.pch"; sourceTree = "<group>"; };
		2152CC1C144E65CA00F22682 /* AppDelegate.h */ = {isa = PBXFileReference; lastKnownFileType = sourcecode.c.h; path = AppDelegate.h; sourceTree = "<group>"; };
		2152CC1D144E65CA00F22682 /* AppDelegate.m */ = {isa = PBXFileReference; lastKnownFileType = sourcecode.c.objc; path = AppDelegate.m; sourceTree = "<group>"; };
		2152CC25144E669700F22682 /* SettingsController.h */ = {isa = PBXFileReference; fileEncoding = 4; lastKnownFileType = sourcecode.c.h; path = SettingsController.h; sourceTree = "<group>"; };
		2152CC26144E669700F22682 /* SettingsController.m */ = {isa = PBXFileReference; fileEncoding = 4; lastKnownFileType = sourcecode.c.objc; path = SettingsController.m; sourceTree = "<group>"; };
		2152CC33144E690D00F22682 /* SettingsView.h */ = {isa = PBXFileReference; fileEncoding = 4; lastKnownFileType = sourcecode.c.h; path = SettingsView.h; sourceTree = "<group>"; };
		2152CC34144E690D00F22682 /* SettingsView.m */ = {isa = PBXFileReference; fileEncoding = 4; lastKnownFileType = sourcecode.c.objc; path = SettingsView.m; sourceTree = "<group>"; };
		2152CC36144E79B300F22682 /* CFNetwork.framework */ = {isa = PBXFileReference; lastKnownFileType = wrapper.framework; name = CFNetwork.framework; path = System/Library/Frameworks/CFNetwork.framework; sourceTree = SDKROOT; };
		2152CC38144E79BF00F22682 /* MobileCoreServices.framework */ = {isa = PBXFileReference; lastKnownFileType = wrapper.framework; name = MobileCoreServices.framework; path = System/Library/Frameworks/MobileCoreServices.framework; sourceTree = SDKROOT; };
		2152CC3A144E79DA00F22682 /* SystemConfiguration.framework */ = {isa = PBXFileReference; lastKnownFileType = wrapper.framework; name = SystemConfiguration.framework; path = System/Library/Frameworks/SystemConfiguration.framework; sourceTree = SDKROOT; };
		2152CC3C144E79E800F22682 /* QuartzCore.framework */ = {isa = PBXFileReference; lastKnownFileType = wrapper.framework; name = QuartzCore.framework; path = System/Library/Frameworks/QuartzCore.framework; sourceTree = SDKROOT; };
		2152CC3E144E79FF00F22682 /* libz.1.1.3.dylib */ = {isa = PBXFileReference; lastKnownFileType = "compiled.mach-o.dylib"; name = libz.1.1.3.dylib; path = usr/lib/libz.1.1.3.dylib; sourceTree = SDKROOT; };
		216ABD99145BEF240019400E /* NSString+Empty.h */ = {isa = PBXFileReference; fileEncoding = 4; lastKnownFileType = sourcecode.c.h; path = "NSString+Empty.h"; sourceTree = "<group>"; };
		216ABD9A145BEF240019400E /* NSString+Empty.m */ = {isa = PBXFileReference; fileEncoding = 4; lastKnownFileType = sourcecode.c.objc; path = "NSString+Empty.m"; sourceTree = "<group>"; };
		216ABDA5145C31360019400E /* UINavigationBar+Utilities.h */ = {isa = PBXFileReference; fileEncoding = 4; lastKnownFileType = sourcecode.c.h; path = "UINavigationBar+Utilities.h"; sourceTree = "<group>"; };
		216ABDA6145C31360019400E /* UINavigationBar+Utilities.m */ = {isa = PBXFileReference; fileEncoding = 4; lastKnownFileType = sourcecode.c.objc; path = "UINavigationBar+Utilities.m"; sourceTree = "<group>"; };
		216B9BD6146395AE0063CB86 /* about.png */ = {isa = PBXFileReference; lastKnownFileType = image.png; path = about.png; sourceTree = "<group>"; };
		216B9BD7146395AE0063CB86 /* about@2x.png */ = {isa = PBXFileReference; lastKnownFileType = image.png; path = "about@2x.png"; sourceTree = "<group>"; };
		216B9BDE146397090063CB86 /* Connect.png */ = {isa = PBXFileReference; lastKnownFileType = image.png; path = Connect.png; sourceTree = "<group>"; };
		216B9BDF146397090063CB86 /* Connect@2x.png */ = {isa = PBXFileReference; lastKnownFileType = image.png; path = "Connect@2x.png"; sourceTree = "<group>"; };
		216B9BE2146397DA0063CB86 /* disclosure.png */ = {isa = PBXFileReference; lastKnownFileType = image.png; path = disclosure.png; sourceTree = "<group>"; };
		216B9BE3146397DA0063CB86 /* disclosure@2x.png */ = {isa = PBXFileReference; lastKnownFileType = image.png; path = "disclosure@2x.png"; sourceTree = "<group>"; };
		216B9BEA146398660063CB86 /* Edit.png */ = {isa = PBXFileReference; lastKnownFileType = image.png; path = Edit.png; sourceTree = "<group>"; };
		216B9BEB146398660063CB86 /* Edit@2x.png */ = {isa = PBXFileReference; lastKnownFileType = image.png; path = "Edit@2x.png"; sourceTree = "<group>"; };
		216B9BEE146398870063CB86 /* Done.png */ = {isa = PBXFileReference; lastKnownFileType = image.png; path = Done.png; sourceTree = "<group>"; };
		216B9BEF146398880063CB86 /* Done@2x.png */ = {isa = PBXFileReference; lastKnownFileType = image.png; path = "Done@2x.png"; sourceTree = "<group>"; };
		216B9BF2146399180063CB86 /* Email.png */ = {isa = PBXFileReference; lastKnownFileType = image.png; path = Email.png; sourceTree = "<group>"; };
		216B9BF3146399180063CB86 /* Email@2x.png */ = {isa = PBXFileReference; lastKnownFileType = image.png; path = "Email@2x.png"; sourceTree = "<group>"; };
		216B9BFA146399FF0063CB86 /* list.png */ = {isa = PBXFileReference; lastKnownFileType = image.png; path = list.png; sourceTree = "<group>"; };
		216B9BFB146399FF0063CB86 /* list@2x.png */ = {isa = PBXFileReference; lastKnownFileType = image.png; path = "list@2x.png"; sourceTree = "<group>"; };
		216B9C0214639AF50063CB86 /* disabled.png */ = {isa = PBXFileReference; lastKnownFileType = image.png; path = disabled.png; sourceTree = "<group>"; };
		216B9C0314639AF50063CB86 /* disabled@2x.png */ = {isa = PBXFileReference; lastKnownFileType = image.png; path = "disabled@2x.png"; sourceTree = "<group>"; };
		216B9C0614639B1C0063CB86 /* add.png */ = {isa = PBXFileReference; lastKnownFileType = image.png; path = add.png; sourceTree = "<group>"; };
		216B9C0714639B1C0063CB86 /* add@2x.png */ = {isa = PBXFileReference; lastKnownFileType = image.png; path = "add@2x.png"; sourceTree = "<group>"; };
		216B9C0A14639BED0063CB86 /* aborted.png */ = {isa = PBXFileReference; lastKnownFileType = image.png; path = aborted.png; sourceTree = "<group>"; };
		216B9C0B14639BEE0063CB86 /* aborted@2x.png */ = {isa = PBXFileReference; lastKnownFileType = image.png; path = "aborted@2x.png"; sourceTree = "<group>"; };
		216B9C0E1463A0D80063CB86 /* navbar.png */ = {isa = PBXFileReference; lastKnownFileType = image.png; path = navbar.png; sourceTree = "<group>"; };
		216B9C101463A7650063CB86 /* hide.png */ = {isa = PBXFileReference; lastKnownFileType = image.png; path = hide.png; sourceTree = "<group>"; };
		216B9C111463A7650063CB86 /* hide@2x.png */ = {isa = PBXFileReference; lastKnownFileType = image.png; path = "hide@2x.png"; sourceTree = "<group>"; };
		216B9C141463A76D0063CB86 /* show.png */ = {isa = PBXFileReference; lastKnownFileType = image.png; path = show.png; sourceTree = "<group>"; };
		216B9C151463A76E0063CB86 /* show@2x.png */ = {isa = PBXFileReference; lastKnownFileType = image.png; path = "show@2x.png"; sourceTree = "<group>"; };
		216BB87B146401CF00496DCD /* Error.png */ = {isa = PBXFileReference; lastKnownFileType = image.png; path = Error.png; sourceTree = "<group>"; };
		216BB87D146401E700496DCD /* Success.png */ = {isa = PBXFileReference; lastKnownFileType = image.png; path = Success.png; sourceTree = "<group>"; };
		216BB88314641A5900496DCD /* action.png */ = {isa = PBXFileReference; lastKnownFileType = image.png; path = action.png; sourceTree = "<group>"; };
		216BB88414641A5900496DCD /* action@2x.png */ = {isa = PBXFileReference; lastKnownFileType = image.png; path = "action@2x.png"; sourceTree = "<group>"; };
		2172413B1459152100DE5E82 /* UIColor+Hex.h */ = {isa = PBXFileReference; fileEncoding = 4; lastKnownFileType = sourcecode.c.h; path = "UIColor+Hex.h"; sourceTree = "<group>"; };
		2172413C1459152200DE5E82 /* UIColor+Hex.m */ = {isa = PBXFileReference; fileEncoding = 4; lastKnownFileType = sourcecode.c.objc; path = "UIColor+Hex.m"; sourceTree = "<group>"; };
		217241501459289300DE5E82 /* UserData.h */ = {isa = PBXFileReference; fileEncoding = 4; lastKnownFileType = sourcecode.c.h; path = UserData.h; sourceTree = "<group>"; };
		217241511459289300DE5E82 /* UserData.m */ = {isa = PBXFileReference; fileEncoding = 4; lastKnownFileType = sourcecode.c.objc; path = UserData.m; sourceTree = "<group>"; };
		217BFBB9145E779500C4A456 /* UIView+Size.h */ = {isa = PBXFileReference; fileEncoding = 4; lastKnownFileType = sourcecode.c.h; path = "UIView+Size.h"; sourceTree = "<group>"; };
		217BFBBA145E779500C4A456 /* UIView+Size.m */ = {isa = PBXFileReference; fileEncoding = 4; lastKnownFileType = sourcecode.c.objc; path = "UIView+Size.m"; sourceTree = "<group>"; };
		217BFBBC145E7B0400C4A456 /* ConnectionFailedView.h */ = {isa = PBXFileReference; fileEncoding = 4; lastKnownFileType = sourcecode.c.h; path = ConnectionFailedView.h; sourceTree = "<group>"; };
		217BFBBD145E7B0400C4A456 /* ConnectionFailedView.m */ = {isa = PBXFileReference; fileEncoding = 4; lastKnownFileType = sourcecode.c.objc; path = ConnectionFailedView.m; sourceTree = "<group>"; };
		217BFBBF145E7E1600C4A456 /* MeaningfulErrors.h */ = {isa = PBXFileReference; fileEncoding = 4; lastKnownFileType = sourcecode.c.h; path = MeaningfulErrors.h; sourceTree = "<group>"; };
		217BFBC0145E7E1700C4A456 /* MeaningfulErrors.m */ = {isa = PBXFileReference; fileEncoding = 4; lastKnownFileType = sourcecode.c.objc; path = MeaningfulErrors.m; sourceTree = "<group>"; };
		218A0415144F8B1D0015AD0D /* BuildDashboard.h */ = {isa = PBXFileReference; fileEncoding = 4; lastKnownFileType = sourcecode.c.h; path = BuildDashboard.h; sourceTree = "<group>"; };
		218A0416144F8B1D0015AD0D /* BuildDashboard.m */ = {isa = PBXFileReference; fileEncoding = 4; lastKnownFileType = sourcecode.c.objc; path = BuildDashboard.m; sourceTree = "<group>"; };
		218A0419144F8B8C0015AD0D /* Build.h */ = {isa = PBXFileReference; fileEncoding = 4; lastKnownFileType = sourcecode.c.h; path = Build.h; sourceTree = "<group>"; };
		218A041A144F8B8C0015AD0D /* Build.m */ = {isa = PBXFileReference; fileEncoding = 4; lastKnownFileType = sourcecode.c.objc; path = Build.m; sourceTree = "<group>"; };
		218A0427144F956E0015AD0D /* NSArray+Blocks.h */ = {isa = PBXFileReference; fileEncoding = 4; lastKnownFileType = sourcecode.c.h; path = "NSArray+Blocks.h"; sourceTree = "<group>"; };
		218A0428144F956F0015AD0D /* NSArray+Blocks.m */ = {isa = PBXFileReference; fileEncoding = 4; lastKnownFileType = sourcecode.c.objc; path = "NSArray+Blocks.m"; sourceTree = "<group>"; };
		218ABD61145EDE24004713E6 /* NetworkCheck.h */ = {isa = PBXFileReference; fileEncoding = 4; lastKnownFileType = sourcecode.c.h; path = NetworkCheck.h; sourceTree = "<group>"; };
		218ABD62145EDE24004713E6 /* NetworkCheck.m */ = {isa = PBXFileReference; fileEncoding = 4; lastKnownFileType = sourcecode.c.objc; path = NetworkCheck.m; sourceTree = "<group>"; };
		219E3B25144EABB300EF4A5D /* DisplayBuildsController.h */ = {isa = PBXFileReference; fileEncoding = 4; lastKnownFileType = sourcecode.c.h; path = DisplayBuildsController.h; sourceTree = "<group>"; };
		219E3B26144EABB300EF4A5D /* DisplayBuildsController.m */ = {isa = PBXFileReference; fileEncoding = 4; lastKnownFileType = sourcecode.c.objc; path = DisplayBuildsController.m; sourceTree = "<group>"; };
		219E3B2B144EADB100EF4A5D /* DisplayBuildsView.h */ = {isa = PBXFileReference; fileEncoding = 4; lastKnownFileType = sourcecode.c.h; path = DisplayBuildsView.h; sourceTree = "<group>"; };
		219E3B2C144EADB100EF4A5D /* DisplayBuildsView.m */ = {isa = PBXFileReference; fileEncoding = 4; lastKnownFileType = sourcecode.c.objc; path = DisplayBuildsView.m; sourceTree = "<group>"; };
		219E3B32144EBBFB00EF4A5D /* AddressFormatter.h */ = {isa = PBXFileReference; fileEncoding = 4; lastKnownFileType = sourcecode.c.h; path = AddressFormatter.h; sourceTree = "<group>"; };
		219E3B33144EBBFB00EF4A5D /* AddressFormatter.m */ = {isa = PBXFileReference; fileEncoding = 4; lastKnownFileType = sourcecode.c.objc; path = AddressFormatter.m; sourceTree = "<group>"; };
		21A5AEC8145B7C2800FCE78D /* UILabel+Heading.h */ = {isa = PBXFileReference; fileEncoding = 4; lastKnownFileType = sourcecode.c.h; path = "UILabel+Heading.h"; sourceTree = "<group>"; };
		21A5AEC9145B7C2800FCE78D /* UILabel+Heading.m */ = {isa = PBXFileReference; fileEncoding = 4; lastKnownFileType = sourcecode.c.objc; path = "UILabel+Heading.m"; sourceTree = "<group>"; };
		21A6BA071459F913002BA20C /* row-middle.png */ = {isa = PBXFileReference; lastKnownFileType = image.png; path = "row-middle.png"; sourceTree = "<group>"; };
		21DF50241468955500BA1FD4 /* Default.png */ = {isa = PBXFileReference; lastKnownFileType = image.png; path = Default.png; sourceTree = "<group>"; };
		21DF50251468955500BA1FD4 /* Default@2x.png */ = {isa = PBXFileReference; lastKnownFileType = image.png; path = "Default@2x.png"; sourceTree = "<group>"; };
		21EB710E1467791400B3244B /* Icon@2x.png */ = {isa = PBXFileReference; lastKnownFileType = image.png; path = "Icon@2x.png"; sourceTree = "<group>"; };
		21EB71101467791900B3244B /* Icon.png */ = {isa = PBXFileReference; lastKnownFileType = image.png; path = Icon.png; sourceTree = "<group>"; };
		21EB711214677A0400B3244B /* Settings.png */ = {isa = PBXFileReference; lastKnownFileType = image.png; path = Settings.png; sourceTree = "<group>"; };
		21EB711314677A0400B3244B /* Settings@2x.png */ = {isa = PBXFileReference; lastKnownFileType = image.png; path = "Settings@2x.png"; sourceTree = "<group>"; };
		21F76BF1144E830F00F0BB5F /* NSObject+SBJson.h */ = {isa = PBXFileReference; fileEncoding = 4; lastKnownFileType = sourcecode.c.h; name = "NSObject+SBJson.h"; path = "Third Party/json-framework/Classes/NSObject+SBJson.h"; sourceTree = "<group>"; };
		21F76BF2144E830F00F0BB5F /* NSObject+SBJson.m */ = {isa = PBXFileReference; fileEncoding = 4; lastKnownFileType = sourcecode.c.objc; name = "NSObject+SBJson.m"; path = "Third Party/json-framework/Classes/NSObject+SBJson.m"; sourceTree = "<group>"; };
		21F76BF3144E830F00F0BB5F /* SBJson.h */ = {isa = PBXFileReference; fileEncoding = 4; lastKnownFileType = sourcecode.c.h; name = SBJson.h; path = "Third Party/json-framework/Classes/SBJson.h"; sourceTree = "<group>"; };
		21F76BF4144E830F00F0BB5F /* SBJsonParser.h */ = {isa = PBXFileReference; fileEncoding = 4; lastKnownFileType = sourcecode.c.h; name = SBJsonParser.h; path = "Third Party/json-framework/Classes/SBJsonParser.h"; sourceTree = "<group>"; };
		21F76BF5144E830F00F0BB5F /* SBJsonParser.m */ = {isa = PBXFileReference; fileEncoding = 4; lastKnownFileType = sourcecode.c.objc; name = SBJsonParser.m; path = "Third Party/json-framework/Classes/SBJsonParser.m"; sourceTree = "<group>"; };
		21F76BF6144E830F00F0BB5F /* SBJsonStreamParser.h */ = {isa = PBXFileReference; fileEncoding = 4; lastKnownFileType = sourcecode.c.h; name = SBJsonStreamParser.h; path = "Third Party/json-framework/Classes/SBJsonStreamParser.h"; sourceTree = "<group>"; };
		21F76BF7144E830F00F0BB5F /* SBJsonStreamParser.m */ = {isa = PBXFileReference; fileEncoding = 4; lastKnownFileType = sourcecode.c.objc; name = SBJsonStreamParser.m; path = "Third Party/json-framework/Classes/SBJsonStreamParser.m"; sourceTree = "<group>"; };
		21F76BF8144E830F00F0BB5F /* SBJsonStreamParserAccumulator.h */ = {isa = PBXFileReference; fileEncoding = 4; lastKnownFileType = sourcecode.c.h; name = SBJsonStreamParserAccumulator.h; path = "Third Party/json-framework/Classes/SBJsonStreamParserAccumulator.h"; sourceTree = "<group>"; };
		21F76BF9144E830F00F0BB5F /* SBJsonStreamParserAccumulator.m */ = {isa = PBXFileReference; fileEncoding = 4; lastKnownFileType = sourcecode.c.objc; name = SBJsonStreamParserAccumulator.m; path = "Third Party/json-framework/Classes/SBJsonStreamParserAccumulator.m"; sourceTree = "<group>"; };
		21F76BFA144E830F00F0BB5F /* SBJsonStreamParserAdapter.h */ = {isa = PBXFileReference; fileEncoding = 4; lastKnownFileType = sourcecode.c.h; name = SBJsonStreamParserAdapter.h; path = "Third Party/json-framework/Classes/SBJsonStreamParserAdapter.h"; sourceTree = "<group>"; };
		21F76BFB144E830F00F0BB5F /* SBJsonStreamParserAdapter.m */ = {isa = PBXFileReference; fileEncoding = 4; lastKnownFileType = sourcecode.c.objc; name = SBJsonStreamParserAdapter.m; path = "Third Party/json-framework/Classes/SBJsonStreamParserAdapter.m"; sourceTree = "<group>"; };
		21F76BFC144E830F00F0BB5F /* SBJsonStreamParserState.h */ = {isa = PBXFileReference; fileEncoding = 4; lastKnownFileType = sourcecode.c.h; name = SBJsonStreamParserState.h; path = "Third Party/json-framework/Classes/SBJsonStreamParserState.h"; sourceTree = "<group>"; };
		21F76BFD144E830F00F0BB5F /* SBJsonStreamParserState.m */ = {isa = PBXFileReference; fileEncoding = 4; lastKnownFileType = sourcecode.c.objc; name = SBJsonStreamParserState.m; path = "Third Party/json-framework/Classes/SBJsonStreamParserState.m"; sourceTree = "<group>"; };
		21F76BFE144E830F00F0BB5F /* SBJsonStreamWriter.h */ = {isa = PBXFileReference; fileEncoding = 4; lastKnownFileType = sourcecode.c.h; name = SBJsonStreamWriter.h; path = "Third Party/json-framework/Classes/SBJsonStreamWriter.h"; sourceTree = "<group>"; };
		21F76BFF144E830F00F0BB5F /* SBJsonStreamWriter.m */ = {isa = PBXFileReference; fileEncoding = 4; lastKnownFileType = sourcecode.c.objc; name = SBJsonStreamWriter.m; path = "Third Party/json-framework/Classes/SBJsonStreamWriter.m"; sourceTree = "<group>"; };
		21F76C00144E830F00F0BB5F /* SBJsonStreamWriterAccumulator.h */ = {isa = PBXFileReference; fileEncoding = 4; lastKnownFileType = sourcecode.c.h; name = SBJsonStreamWriterAccumulator.h; path = "Third Party/json-framework/Classes/SBJsonStreamWriterAccumulator.h"; sourceTree = "<group>"; };
		21F76C01144E830F00F0BB5F /* SBJsonStreamWriterAccumulator.m */ = {isa = PBXFileReference; fileEncoding = 4; lastKnownFileType = sourcecode.c.objc; name = SBJsonStreamWriterAccumulator.m; path = "Third Party/json-framework/Classes/SBJsonStreamWriterAccumulator.m"; sourceTree = "<group>"; };
		21F76C02144E830F00F0BB5F /* SBJsonStreamWriterState.h */ = {isa = PBXFileReference; fileEncoding = 4; lastKnownFileType = sourcecode.c.h; name = SBJsonStreamWriterState.h; path = "Third Party/json-framework/Classes/SBJsonStreamWriterState.h"; sourceTree = "<group>"; };
		21F76C03144E830F00F0BB5F /* SBJsonStreamWriterState.m */ = {isa = PBXFileReference; fileEncoding = 4; lastKnownFileType = sourcecode.c.objc; name = SBJsonStreamWriterState.m; path = "Third Party/json-framework/Classes/SBJsonStreamWriterState.m"; sourceTree = "<group>"; };
		21F76C04144E830F00F0BB5F /* SBJsonTokeniser.h */ = {isa = PBXFileReference; fileEncoding = 4; lastKnownFileType = sourcecode.c.h; name = SBJsonTokeniser.h; path = "Third Party/json-framework/Classes/SBJsonTokeniser.h"; sourceTree = "<group>"; };
		21F76C05144E830F00F0BB5F /* SBJsonTokeniser.m */ = {isa = PBXFileReference; fileEncoding = 4; lastKnownFileType = sourcecode.c.objc; name = SBJsonTokeniser.m; path = "Third Party/json-framework/Classes/SBJsonTokeniser.m"; sourceTree = "<group>"; };
		21F76C06144E830F00F0BB5F /* SBJsonUTF8Stream.h */ = {isa = PBXFileReference; fileEncoding = 4; lastKnownFileType = sourcecode.c.h; name = SBJsonUTF8Stream.h; path = "Third Party/json-framework/Classes/SBJsonUTF8Stream.h"; sourceTree = "<group>"; };
		21F76C07144E830F00F0BB5F /* SBJsonUTF8Stream.m */ = {isa = PBXFileReference; fileEncoding = 4; lastKnownFileType = sourcecode.c.objc; name = SBJsonUTF8Stream.m; path = "Third Party/json-framework/Classes/SBJsonUTF8Stream.m"; sourceTree = "<group>"; };
		21F76C08144E830F00F0BB5F /* SBJsonWriter.h */ = {isa = PBXFileReference; fileEncoding = 4; lastKnownFileType = sourcecode.c.h; name = SBJsonWriter.h; path = "Third Party/json-framework/Classes/SBJsonWriter.h"; sourceTree = "<group>"; };
		21F76C09144E830F00F0BB5F /* SBJsonWriter.m */ = {isa = PBXFileReference; fileEncoding = 4; lastKnownFileType = sourcecode.c.objc; name = SBJsonWriter.m; path = "Third Party/json-framework/Classes/SBJsonWriter.m"; sourceTree = "<group>"; };
		21F76C16144E838E00F0BB5F /* ASIAuthenticationDialog.h */ = {isa = PBXFileReference; fileEncoding = 4; lastKnownFileType = sourcecode.c.h; name = ASIAuthenticationDialog.h; path = "Third Party/asi-http-request/Classes/ASIAuthenticationDialog.h"; sourceTree = "<group>"; };
		21F76C17144E838E00F0BB5F /* ASIAuthenticationDialog.m */ = {isa = PBXFileReference; fileEncoding = 4; lastKnownFileType = sourcecode.c.objc; name = ASIAuthenticationDialog.m; path = "Third Party/asi-http-request/Classes/ASIAuthenticationDialog.m"; sourceTree = "<group>"; };
		21F76C18144E838E00F0BB5F /* ASICacheDelegate.h */ = {isa = PBXFileReference; fileEncoding = 4; lastKnownFileType = sourcecode.c.h; name = ASICacheDelegate.h; path = "Third Party/asi-http-request/Classes/ASICacheDelegate.h"; sourceTree = "<group>"; };
		21F76C19144E838E00F0BB5F /* ASIDataCompressor.h */ = {isa = PBXFileReference; fileEncoding = 4; lastKnownFileType = sourcecode.c.h; name = ASIDataCompressor.h; path = "Third Party/asi-http-request/Classes/ASIDataCompressor.h"; sourceTree = "<group>"; };
		21F76C1A144E838E00F0BB5F /* ASIDataCompressor.m */ = {isa = PBXFileReference; fileEncoding = 4; lastKnownFileType = sourcecode.c.objc; name = ASIDataCompressor.m; path = "Third Party/asi-http-request/Classes/ASIDataCompressor.m"; sourceTree = "<group>"; };
		21F76C1B144E838E00F0BB5F /* ASIDataDecompressor.h */ = {isa = PBXFileReference; fileEncoding = 4; lastKnownFileType = sourcecode.c.h; name = ASIDataDecompressor.h; path = "Third Party/asi-http-request/Classes/ASIDataDecompressor.h"; sourceTree = "<group>"; };
		21F76C1C144E838E00F0BB5F /* ASIDataDecompressor.m */ = {isa = PBXFileReference; fileEncoding = 4; lastKnownFileType = sourcecode.c.objc; name = ASIDataDecompressor.m; path = "Third Party/asi-http-request/Classes/ASIDataDecompressor.m"; sourceTree = "<group>"; };
		21F76C1D144E838E00F0BB5F /* ASIDownloadCache.h */ = {isa = PBXFileReference; fileEncoding = 4; lastKnownFileType = sourcecode.c.h; name = ASIDownloadCache.h; path = "Third Party/asi-http-request/Classes/ASIDownloadCache.h"; sourceTree = "<group>"; };
		21F76C1E144E838E00F0BB5F /* ASIDownloadCache.m */ = {isa = PBXFileReference; fileEncoding = 4; lastKnownFileType = sourcecode.c.objc; name = ASIDownloadCache.m; path = "Third Party/asi-http-request/Classes/ASIDownloadCache.m"; sourceTree = "<group>"; };
		21F76C1F144E838E00F0BB5F /* ASIFormDataRequest.h */ = {isa = PBXFileReference; fileEncoding = 4; lastKnownFileType = sourcecode.c.h; name = ASIFormDataRequest.h; path = "Third Party/asi-http-request/Classes/ASIFormDataRequest.h"; sourceTree = "<group>"; };
		21F76C20144E838E00F0BB5F /* ASIFormDataRequest.m */ = {isa = PBXFileReference; fileEncoding = 4; lastKnownFileType = sourcecode.c.objc; name = ASIFormDataRequest.m; path = "Third Party/asi-http-request/Classes/ASIFormDataRequest.m"; sourceTree = "<group>"; };
		21F76C21144E838E00F0BB5F /* ASIHTTPRequest.h */ = {isa = PBXFileReference; fileEncoding = 4; lastKnownFileType = sourcecode.c.h; name = ASIHTTPRequest.h; path = "Third Party/asi-http-request/Classes/ASIHTTPRequest.h"; sourceTree = "<group>"; };
		21F76C22144E838E00F0BB5F /* ASIHTTPRequest.m */ = {isa = PBXFileReference; fileEncoding = 4; lastKnownFileType = sourcecode.c.objc; name = ASIHTTPRequest.m; path = "Third Party/asi-http-request/Classes/ASIHTTPRequest.m"; sourceTree = "<group>"; };
		21F76C23144E838E00F0BB5F /* ASIHTTPRequestConfig.h */ = {isa = PBXFileReference; fileEncoding = 4; lastKnownFileType = sourcecode.c.h; name = ASIHTTPRequestConfig.h; path = "Third Party/asi-http-request/Classes/ASIHTTPRequestConfig.h"; sourceTree = "<group>"; };
		21F76C24144E838E00F0BB5F /* ASIHTTPRequestDelegate.h */ = {isa = PBXFileReference; fileEncoding = 4; lastKnownFileType = sourcecode.c.h; name = ASIHTTPRequestDelegate.h; path = "Third Party/asi-http-request/Classes/ASIHTTPRequestDelegate.h"; sourceTree = "<group>"; };
		21F76C25144E838E00F0BB5F /* ASIInputStream.h */ = {isa = PBXFileReference; fileEncoding = 4; lastKnownFileType = sourcecode.c.h; name = ASIInputStream.h; path = "Third Party/asi-http-request/Classes/ASIInputStream.h"; sourceTree = "<group>"; };
		21F76C26144E838E00F0BB5F /* ASIInputStream.m */ = {isa = PBXFileReference; fileEncoding = 4; lastKnownFileType = sourcecode.c.objc; name = ASIInputStream.m; path = "Third Party/asi-http-request/Classes/ASIInputStream.m"; sourceTree = "<group>"; };
		21F76C27144E838E00F0BB5F /* ASINetworkQueue.h */ = {isa = PBXFileReference; fileEncoding = 4; lastKnownFileType = sourcecode.c.h; name = ASINetworkQueue.h; path = "Third Party/asi-http-request/Classes/ASINetworkQueue.h"; sourceTree = "<group>"; };
		21F76C28144E838E00F0BB5F /* ASINetworkQueue.m */ = {isa = PBXFileReference; fileEncoding = 4; lastKnownFileType = sourcecode.c.objc; name = ASINetworkQueue.m; path = "Third Party/asi-http-request/Classes/ASINetworkQueue.m"; sourceTree = "<group>"; };
		21F76C29144E838E00F0BB5F /* ASIProgressDelegate.h */ = {isa = PBXFileReference; fileEncoding = 4; lastKnownFileType = sourcecode.c.h; name = ASIProgressDelegate.h; path = "Third Party/asi-http-request/Classes/ASIProgressDelegate.h"; sourceTree = "<group>"; };
		21F76C32144E839C00F0BB5F /* Reachability.h */ = {isa = PBXFileReference; fileEncoding = 4; lastKnownFileType = sourcecode.c.h; name = Reachability.h; path = "Third Party/asi-http-request/External/Reachability/Reachability.h"; sourceTree = "<group>"; };
		21F76C33144E839C00F0BB5F /* Reachability.m */ = {isa = PBXFileReference; fileEncoding = 4; lastKnownFileType = sourcecode.c.objc; name = Reachability.m; path = "Third Party/asi-http-request/External/Reachability/Reachability.m"; sourceTree = "<group>"; };
		21F76C34144E839C00F0BB60 /* BuildDetailView.m */ = {isa = PBXFileReference; fileEncoding = 4; lastKnownFileType = sourcecode.c.objc; path = BuildDetailView.m; sourceTree = "<group>"; };
		21F76C34144E839C00F0BB62 /* BuildDetailView.h */ = {isa = PBXFileReference; fileEncoding = 4; lastKnownFileType = sourcecode.c.h; path = BuildDetailView.h; sourceTree = "<group>"; };
		21F76C34144E839C00F0BB63 /* BuildDetailController.m */ = {isa = PBXFileReference; fileEncoding = 4; lastKnownFileType = sourcecode.c.objc; path = BuildDetailController.m; sourceTree = "<group>"; };
		21F76C34144E839C00F0BB65 /* BuildDetailController.h */ = {isa = PBXFileReference; fileEncoding = 4; lastKnownFileType = sourcecode.c.h; path = BuildDetailController.h; sourceTree = "<group>"; };
		21F76C34144E839C00F0BB66 /* BuildDetail.m */ = {isa = PBXFileReference; fileEncoding = 4; lastKnownFileType = sourcecode.c.objc; path = BuildDetail.m; sourceTree = "<group>"; };
		21F76C34144E839C00F0BB68 /* BuildDetail.h */ = {isa = PBXFileReference; fileEncoding = 4; lastKnownFileType = sourcecode.c.h; path = BuildDetail.h; sourceTree = "<group>"; };
		21FA9322145E263600166EB8 /* Background.png */ = {isa = PBXFileReference; lastKnownFileType = image.png; path = Background.png; sourceTree = "<group>"; };
		21FA9323145E263600166EB8 /* Background@2x.png */ = {isa = PBXFileReference; lastKnownFileType = image.png; path = "Background@2x.png"; sourceTree = "<group>"; };
		21FA9328145E288E00166EB8 /* UINavigationController+Shadow.h */ = {isa = PBXFileReference; fileEncoding = 4; lastKnownFileType = sourcecode.c.h; path = "UINavigationController+Shadow.h"; sourceTree = "<group>"; };
		21FA9329145E288E00166EB8 /* UINavigationController+Shadow.m */ = {isa = PBXFileReference; fileEncoding = 4; lastKnownFileType = sourcecode.c.objc; path = "UINavigationController+Shadow.m"; sourceTree = "<group>"; };
/* End PBXFileReference section */

/* Begin PBXFrameworksBuildPhase section */
		2152CC06144E65CA00F22682 /* Frameworks */ = {
			isa = PBXFrameworksBuildPhase;
			buildActionMask = 2147483647;
			files = (
				21281088145FA08F004FF62A /* MessageUI.framework in Frameworks */,
				2152CC3F144E79FF00F22682 /* libz.1.1.3.dylib in Frameworks */,
				2152CC3D144E79E800F22682 /* QuartzCore.framework in Frameworks */,
				2152CC3B144E79DA00F22682 /* SystemConfiguration.framework in Frameworks */,
				2152CC39144E79BF00F22682 /* MobileCoreServices.framework in Frameworks */,
				2152CC37144E79B300F22682 /* CFNetwork.framework in Frameworks */,
				2152CC0E144E65CA00F22682 /* UIKit.framework in Frameworks */,
				2152CC10144E65CA00F22682 /* Foundation.framework in Frameworks */,
				2152CC12144E65CA00F22682 /* CoreGraphics.framework in Frameworks */,
			);
			runOnlyForDeploymentPostprocessing = 0;
		};
/* End PBXFrameworksBuildPhase section */

/* Begin PBXGroup section */
		2112FCFC144E8EE400FF604A /* Resources */ = {
			isa = PBXGroup;
			children = (
				216B9C0A14639BED0063CB86 /* aborted.png */,
				216B9C0B14639BEE0063CB86 /* aborted@2x.png */,
				216B9BD6146395AE0063CB86 /* about.png */,
				216B9BD7146395AE0063CB86 /* about@2x.png */,
				216BB88314641A5900496DCD /* action.png */,
				216BB88414641A5900496DCD /* action@2x.png */,
				216B9C0614639B1C0063CB86 /* add.png */,
				21EB71101467791900B3244B /* Icon.png */,
				216B9C0714639B1C0063CB86 /* add@2x.png */,
				21DF50241468955500BA1FD4 /* Default.png */,
				21DF50251468955500BA1FD4 /* Default@2x.png */,
				21EB710E1467791400B3244B /* Icon@2x.png */,
				21FA9322145E263600166EB8 /* Background.png */,
				21FA9323145E263600166EB8 /* Background@2x.png */,
				216B9BDE146397090063CB86 /* Connect.png */,
				216B9BDF146397090063CB86 /* Connect@2x.png */,
				216B9C0214639AF50063CB86 /* disabled.png */,
				216B9C0314639AF50063CB86 /* disabled@2x.png */,
				216B9BE2146397DA0063CB86 /* disclosure.png */,
				216B9BE3146397DA0063CB86 /* disclosure@2x.png */,
				216B9BEE146398870063CB86 /* Done.png */,
				216B9BEF146398880063CB86 /* Done@2x.png */,
				216B9BEA146398660063CB86 /* Edit.png */,
				21EB711214677A0400B3244B /* Settings.png */,
				21EB711314677A0400B3244B /* Settings@2x.png */,
				216B9BEB146398660063CB86 /* Edit@2x.png */,
				216B9BF2146399180063CB86 /* Email.png */,
				216B9BF3146399180063CB86 /* Email@2x.png */,
				216BB87B146401CF00496DCD /* Error.png */,
				216B9C101463A7650063CB86 /* hide.png */,
				216B9C111463A7650063CB86 /* hide@2x.png */,
				216B9BFA146399FF0063CB86 /* list.png */,
				216B9BFB146399FF0063CB86 /* list@2x.png */,
				216B9C0E1463A0D80063CB86 /* navbar.png */,
				21A6BA071459F913002BA20C /* row-middle.png */,
				216B9C141463A76D0063CB86 /* show.png */,
				216B9C151463A76E0063CB86 /* show@2x.png */,
				216BB87D146401E700496DCD /* Success.png */,
			);
			name = Resources;
			sourceTree = "<group>";
		};
		212FCF0E145A51A4005B7615 /* Ego */ = {
			isa = PBXGroup;
			children = (
				212FCF0F145A51C1005B7615 /* EGORefreshTableHeaderView.h */,
				212FCF10145A51C1005B7615 /* EGORefreshTableHeaderView.m */,
			);
			name = Ego;
			sourceTree = "<group>";
		};
		21491678145EDD8D00BE9DC6 /* Additions */ = {
			isa = PBXGroup;
			children = (
				2172413B1459152100DE5E82 /* UIColor+Hex.h */,
				2172413C1459152200DE5E82 /* UIColor+Hex.m */,
				218A0427144F956E0015AD0D /* NSArray+Blocks.h */,
				218A0428144F956F0015AD0D /* NSArray+Blocks.m */,
				21A5AEC8145B7C2800FCE78D /* UILabel+Heading.h */,
				21A5AEC9145B7C2800FCE78D /* UILabel+Heading.m */,
				216ABD99145BEF240019400E /* NSString+Empty.h */,
				216ABD9A145BEF240019400E /* NSString+Empty.m */,
				216ABDA5145C31360019400E /* UINavigationBar+Utilities.h */,
				216ABDA6145C31360019400E /* UINavigationBar+Utilities.m */,
				21FA9328145E288E00166EB8 /* UINavigationController+Shadow.h */,
				21FA9329145E288E00166EB8 /* UINavigationController+Shadow.m */,
				217BFBB9145E779500C4A456 /* UIView+Size.h */,
				217BFBBA145E779500C4A456 /* UIView+Size.m */,
			);
			name = Additions;
			sourceTree = "<group>";
		};
		2152CBFE144E65CA00F22682 = {
			isa = PBXGroup;
			children = (
				21491678145EDD8D00BE9DC6 /* Additions */,
				218A0418144F8B770015AD0D /* Domain */,
				219E3B2E144EAEB300EF4A5D /* Processing */,
				2112FCFC144E8EE400FF604A /* Resources */,
				21F76BEE144E82D700F0BB5F /* Third Party */,
				2152CC32144E68DC00F22682 /* Views */,
				2152CC24144E662A00F22682 /* Controllers */,
				2152CC13144E65CA00F22682 /* iBroke */,
				2152CC0C144E65CA00F22682 /* Frameworks */,
				2152CC0A144E65CA00F22682 /* Products */,
			);
			sourceTree = "<group>";
		};
		2152CC0A144E65CA00F22682 /* Products */ = {
			isa = PBXGroup;
			children = (
				2152CC09144E65CA00F22682 /* iBroke.app */,
			);
			name = Products;
			sourceTree = "<group>";
		};
		2152CC0C144E65CA00F22682 /* Frameworks */ = {
			isa = PBXGroup;
			children = (
				21281087145FA08F004FF62A /* MessageUI.framework */,
				2152CC3E144E79FF00F22682 /* libz.1.1.3.dylib */,
				2152CC3C144E79E800F22682 /* QuartzCore.framework */,
				2152CC3A144E79DA00F22682 /* SystemConfiguration.framework */,
				2152CC38144E79BF00F22682 /* MobileCoreServices.framework */,
				2152CC36144E79B300F22682 /* CFNetwork.framework */,
				2152CC0D144E65CA00F22682 /* UIKit.framework */,
				2152CC0F144E65CA00F22682 /* Foundation.framework */,
				2152CC11144E65CA00F22682 /* CoreGraphics.framework */,
			);
			name = Frameworks;
			sourceTree = "<group>";
		};
		2152CC13144E65CA00F22682 /* iBroke */ = {
			isa = PBXGroup;
			children = (
				2152CC1C144E65CA00F22682 /* AppDelegate.h */,
				2152CC1D144E65CA00F22682 /* AppDelegate.m */,
				2152CC14144E65CA00F22682 /* Supporting Files */,
			);
			path = iBroke;
			sourceTree = "<group>";
		};
		2152CC14144E65CA00F22682 /* Supporting Files */ = {
			isa = PBXGroup;
			children = (
				2152CC15144E65CA00F22682 /* iBroke-Info.plist */,
				2152CC16144E65CA00F22682 /* InfoPlist.strings */,
				2152CC19144E65CA00F22682 /* main.m */,
				2152CC1B144E65CA00F22682 /* iBroke-Prefix.pch */,
			);
			name = "Supporting Files";
			sourceTree = "<group>";
		};
		2152CC24144E662A00F22682 /* Controllers */ = {
			isa = PBXGroup;
			children = (
				21F76C34144E839C00F0BB65 /* BuildDetailController.h */,
				21F76C34144E839C00F0BB63 /* BuildDetailController.m */,
				2152CC25144E669700F22682 /* SettingsController.h */,
				2152CC26144E669700F22682 /* SettingsController.m */,
				219E3B25144EABB300EF4A5D /* DisplayBuildsController.h */,
				219E3B26144EABB300EF4A5D /* DisplayBuildsController.m */,
				21491675145EB8E400BE9DC6 /* AboutController.h */,
				21491676145EB8E400BE9DC6 /* AboutController.m */,
			);
			name = Controllers;
			sourceTree = "<group>";
		};
		2152CC32144E68DC00F22682 /* Views */ = {
			isa = PBXGroup;
			children = (
				21F76C34144E839C00F0BB62 /* BuildDetailView.h */,
				21F76C34144E839C00F0BB60 /* BuildDetailView.m */,
				2152CC33144E690D00F22682 /* SettingsView.h */,
				2152CC34144E690D00F22682 /* SettingsView.m */,
				219E3B2B144EADB100EF4A5D /* DisplayBuildsView.h */,
				219E3B2C144EADB100EF4A5D /* DisplayBuildsView.m */,
				212FCF41145A9618005B7615 /* LoadingView.h */,
				212FCF42145A9618005B7615 /* LoadingView.m */,
				212FCF4D145AC967005B7615 /* AboutView.h */,
				212FCF4E145AC967005B7615 /* AboutView.m */,
				217BFBBC145E7B0400C4A456 /* ConnectionFailedView.h */,
				217BFBBD145E7B0400C4A456 /* ConnectionFailedView.m */,
				2128108A145FA85F004FF62A /* NotificationView.h */,
				2128108B145FA85F004FF62A /* NotificationView.m */,
			);
			name = Views;
			sourceTree = "<group>";
		};
		218A0418144F8B770015AD0D /* Domain */ = {
			isa = PBXGroup;
			children = (
				21F76C34144E839C00F0BB68 /* BuildDetail.h */,
				21F76C34144E839C00F0BB66 /* BuildDetail.m */,
				218A0419144F8B8C0015AD0D /* Build.h */,
				218A041A144F8B8C0015AD0D /* Build.m */,
			);
			name = Domain;
			sourceTree = "<group>";
		};
		219E3B2E144EAEB300EF4A5D /* Processing */ = {
			isa = PBXGroup;
			children = (
				219E3B32144EBBFB00EF4A5D /* AddressFormatter.h */,
				219E3B33144EBBFB00EF4A5D /* AddressFormatter.m */,
				218A0415144F8B1D0015AD0D /* BuildDashboard.h */,
				218A0416144F8B1D0015AD0D /* BuildDashboard.m */,
				217241501459289300DE5E82 /* UserData.h */,
				217241511459289300DE5E82 /* UserData.m */,
				217BFBBF145E7E1600C4A456 /* MeaningfulErrors.h */,
				217BFBC0145E7E1700C4A456 /* MeaningfulErrors.m */,
				218ABD61145EDE24004713E6 /* NetworkCheck.h */,
				218ABD62145EDE24004713E6 /* NetworkCheck.m */,
			);
			name = Processing;
			sourceTree = "<group>";
		};
		21F76BEE144E82D700F0BB5F /* Third Party */ = {
			isa = PBXGroup;
			children = (
				212FCF0E145A51A4005B7615 /* Ego */,
				21F76BF0144E82EA00F0BB5F /* json-framework */,
				21F76BEF144E82DF00F0BB5F /* asi-http-request */,
			);
			name = "Third Party";
			sourceTree = "<group>";
		};
		21F76BEF144E82DF00F0BB5F /* asi-http-request */ = {
			isa = PBXGroup;
			children = (
				21F76C32144E839C00F0BB5F /* Reachability.h */,
				21F76C33144E839C00F0BB5F /* Reachability.m */,
				21F76C16144E838E00F0BB5F /* ASIAuthenticationDialog.h */,
				21F76C17144E838E00F0BB5F /* ASIAuthenticationDialog.m */,
				21F76C18144E838E00F0BB5F /* ASICacheDelegate.h */,
				21F76C19144E838E00F0BB5F /* ASIDataCompressor.h */,
				21F76C1A144E838E00F0BB5F /* ASIDataCompressor.m */,
				21F76C1B144E838E00F0BB5F /* ASIDataDecompressor.h */,
				21F76C1C144E838E00F0BB5F /* ASIDataDecompressor.m */,
				21F76C1D144E838E00F0BB5F /* ASIDownloadCache.h */,
				21F76C1E144E838E00F0BB5F /* ASIDownloadCache.m */,
				21F76C1F144E838E00F0BB5F /* ASIFormDataRequest.h */,
				21F76C20144E838E00F0BB5F /* ASIFormDataRequest.m */,
				21F76C21144E838E00F0BB5F /* ASIHTTPRequest.h */,
				21F76C22144E838E00F0BB5F /* ASIHTTPRequest.m */,
				21F76C23144E838E00F0BB5F /* ASIHTTPRequestConfig.h */,
				21F76C24144E838E00F0BB5F /* ASIHTTPRequestDelegate.h */,
				21F76C25144E838E00F0BB5F /* ASIInputStream.h */,
				21F76C26144E838E00F0BB5F /* ASIInputStream.m */,
				21F76C27144E838E00F0BB5F /* ASINetworkQueue.h */,
				21F76C28144E838E00F0BB5F /* ASINetworkQueue.m */,
				21F76C29144E838E00F0BB5F /* ASIProgressDelegate.h */,
			);
			name = "asi-http-request";
			sourceTree = "<group>";
		};
		21F76BF0144E82EA00F0BB5F /* json-framework */ = {
			isa = PBXGroup;
			children = (
				21F76BF1144E830F00F0BB5F /* NSObject+SBJson.h */,
				21F76BF2144E830F00F0BB5F /* NSObject+SBJson.m */,
				21F76BF3144E830F00F0BB5F /* SBJson.h */,
				21F76BF4144E830F00F0BB5F /* SBJsonParser.h */,
				21F76BF5144E830F00F0BB5F /* SBJsonParser.m */,
				21F76BF6144E830F00F0BB5F /* SBJsonStreamParser.h */,
				21F76BF7144E830F00F0BB5F /* SBJsonStreamParser.m */,
				21F76BF8144E830F00F0BB5F /* SBJsonStreamParserAccumulator.h */,
				21F76BF9144E830F00F0BB5F /* SBJsonStreamParserAccumulator.m */,
				21F76BFA144E830F00F0BB5F /* SBJsonStreamParserAdapter.h */,
				21F76BFB144E830F00F0BB5F /* SBJsonStreamParserAdapter.m */,
				21F76BFC144E830F00F0BB5F /* SBJsonStreamParserState.h */,
				21F76BFD144E830F00F0BB5F /* SBJsonStreamParserState.m */,
				21F76BFE144E830F00F0BB5F /* SBJsonStreamWriter.h */,
				21F76BFF144E830F00F0BB5F /* SBJsonStreamWriter.m */,
				21F76C00144E830F00F0BB5F /* SBJsonStreamWriterAccumulator.h */,
				21F76C01144E830F00F0BB5F /* SBJsonStreamWriterAccumulator.m */,
				21F76C02144E830F00F0BB5F /* SBJsonStreamWriterState.h */,
				21F76C03144E830F00F0BB5F /* SBJsonStreamWriterState.m */,
				21F76C04144E830F00F0BB5F /* SBJsonTokeniser.h */,
				21F76C05144E830F00F0BB5F /* SBJsonTokeniser.m */,
				21F76C06144E830F00F0BB5F /* SBJsonUTF8Stream.h */,
				21F76C07144E830F00F0BB5F /* SBJsonUTF8Stream.m */,
				21F76C08144E830F00F0BB5F /* SBJsonWriter.h */,
				21F76C09144E830F00F0BB5F /* SBJsonWriter.m */,
			);
			name = "json-framework";
			sourceTree = "<group>";
		};
/* End PBXGroup section */

/* Begin PBXNativeTarget section */
		2152CC08144E65CA00F22682 /* iBroke */ = {
			isa = PBXNativeTarget;
			buildConfigurationList = 2152CC21144E65CA00F22682 /* Build configuration list for PBXNativeTarget "iBroke" */;
			buildPhases = (
				2152CC05144E65CA00F22682 /* Sources */,
				2152CC06144E65CA00F22682 /* Frameworks */,
				2152CC07144E65CA00F22682 /* Resources */,
			);
			buildRules = (
			);
			dependencies = (
			);
			name = iBroke;
			productName = iBroke;
			productReference = 2152CC09144E65CA00F22682 /* iBroke.app */;
			productType = "com.apple.product-type.application";
		};
/* End PBXNativeTarget section */

/* Begin PBXProject section */
		2152CC00144E65CA00F22682 /* Project object */ = {
			isa = PBXProject;
			attributes = {
				LastUpgradeCheck = 0420;
			};
			buildConfigurationList = 2152CC03144E65CA00F22682 /* Build configuration list for PBXProject "iBroke" */;
			compatibilityVersion = "Xcode 3.2";
			developmentRegion = English;
			hasScannedForEncodings = 0;
			knownRegions = (
				en,
				English,
			);
			mainGroup = 2152CBFE144E65CA00F22682;
			productRefGroup = 2152CC0A144E65CA00F22682 /* Products */;
			projectDirPath = "";
			projectRoot = "";
			targets = (
				2152CC08144E65CA00F22682 /* iBroke */,
			);
		};
/* End PBXProject section */

/* Begin PBXResourcesBuildPhase section */
		2152CC07144E65CA00F22682 /* Resources */ = {
			isa = PBXResourcesBuildPhase;
			buildActionMask = 2147483647;
			files = (
				2152CC18144E65CA00F22682 /* InfoPlist.strings in Resources */,
				21A6BA081459F913002BA20C /* row-middle.png in Resources */,
				21FA9324145E263600166EB8 /* Background.png in Resources */,
				21FA9325145E263600166EB8 /* Background@2x.png in Resources */,
				216B9BD8146395AE0063CB86 /* about.png in Resources */,
				216B9BD9146395AE0063CB86 /* about@2x.png in Resources */,
				216B9BE0146397090063CB86 /* Connect.png in Resources */,
				216B9BE1146397090063CB86 /* Connect@2x.png in Resources */,
				216B9BE4146397DA0063CB86 /* disclosure.png in Resources */,
				216B9BE5146397DA0063CB86 /* disclosure@2x.png in Resources */,
				216B9BEC146398660063CB86 /* Edit.png in Resources */,
				216B9BED146398660063CB86 /* Edit@2x.png in Resources */,
				216B9BF0146398880063CB86 /* Done.png in Resources */,
				216B9BF1146398880063CB86 /* Done@2x.png in Resources */,
				216B9BF4146399180063CB86 /* Email.png in Resources */,
				216B9BF5146399180063CB86 /* Email@2x.png in Resources */,
				216B9BFC146399FF0063CB86 /* list.png in Resources */,
				216B9BFD146399FF0063CB86 /* list@2x.png in Resources */,
				216B9C0414639AF60063CB86 /* disabled.png in Resources */,
				216B9C0514639AF60063CB86 /* disabled@2x.png in Resources */,
				216B9C0814639B1C0063CB86 /* add.png in Resources */,
				216B9C0914639B1C0063CB86 /* add@2x.png in Resources */,
				216B9C0C14639BEE0063CB86 /* aborted.png in Resources */,
				216B9C0D14639BEE0063CB86 /* aborted@2x.png in Resources */,
				216B9C0F1463A0D80063CB86 /* navbar.png in Resources */,
				216B9C121463A7650063CB86 /* hide.png in Resources */,
				216B9C131463A7650063CB86 /* hide@2x.png in Resources */,
				216B9C161463A76E0063CB86 /* show.png in Resources */,
				216B9C171463A76E0063CB86 /* show@2x.png in Resources */,
				216BB87C146401CF00496DCD /* Error.png in Resources */,
				216BB87E146401E700496DCD /* Success.png in Resources */,
				216BB88514641A5900496DCD /* action.png in Resources */,
				216BB88614641A5900496DCD /* action@2x.png in Resources */,
				21EB710F1467791400B3244B /* Icon@2x.png in Resources */,
				21EB71111467791900B3244B /* Icon.png in Resources */,
				21EB711414677A0400B3244B /* Settings.png in Resources */,
				21EB711514677A0400B3244B /* Settings@2x.png in Resources */,
				21DF50261468955500BA1FD4 /* Default.png in Resources */,
				21DF50271468955500BA1FD4 /* Default@2x.png in Resources */,
			);
			runOnlyForDeploymentPostprocessing = 0;
		};
/* End PBXResourcesBuildPhase section */

/* Begin PBXSourcesBuildPhase section */
		2152CC05144E65CA00F22682 /* Sources */ = {
			isa = PBXSourcesBuildPhase;
			buildActionMask = 2147483647;
			files = (
				2152CC1A144E65CA00F22682 /* main.m in Sources */,
				2152CC1E144E65CA00F22682 /* AppDelegate.m in Sources */,
				2152CC27144E669700F22682 /* SettingsController.m in Sources */,
				2152CC35144E690D00F22682 /* SettingsView.m in Sources */,
				21F76C0A144E830F00F0BB5F /* NSObject+SBJson.m in Sources */,
				21F76C0B144E830F00F0BB5F /* SBJsonParser.m in Sources */,
				21F76C0C144E830F00F0BB5F /* SBJsonStreamParser.m in Sources */,
				21F76C0D144E830F00F0BB5F /* SBJsonStreamParserAccumulator.m in Sources */,
				21F76C0E144E830F00F0BB5F /* SBJsonStreamParserAdapter.m in Sources */,
				21F76C0F144E830F00F0BB5F /* SBJsonStreamParserState.m in Sources */,
				21F76C10144E830F00F0BB5F /* SBJsonStreamWriter.m in Sources */,
				21F76C11144E830F00F0BB5F /* SBJsonStreamWriterAccumulator.m in Sources */,
				21F76C12144E830F00F0BB5F /* SBJsonStreamWriterState.m in Sources */,
				21F76C13144E830F00F0BB5F /* SBJsonTokeniser.m in Sources */,
				21F76C14144E830F00F0BB5F /* SBJsonUTF8Stream.m in Sources */,
				21F76C15144E830F00F0BB5F /* SBJsonWriter.m in Sources */,
				21F76C2A144E838E00F0BB5F /* ASIAuthenticationDialog.m in Sources */,
				21F76C2B144E838E00F0BB5F /* ASIDataCompressor.m in Sources */,
				21F76C2C144E838E00F0BB5F /* ASIDataDecompressor.m in Sources */,
				21F76C2D144E838E00F0BB5F /* ASIDownloadCache.m in Sources */,
				21F76C2E144E838E00F0BB5F /* ASIFormDataRequest.m in Sources */,
				21F76C2F144E838E00F0BB5F /* ASIHTTPRequest.m in Sources */,
				21F76C30144E838E00F0BB5F /* ASIInputStream.m in Sources */,
				21F76C31144E838E00F0BB5F /* ASINetworkQueue.m in Sources */,
				21F76C34144E839C00F0BB5F /* Reachability.m in Sources */,
				219E3B27144EABB300EF4A5D /* DisplayBuildsController.m in Sources */,
				219E3B2D144EADB100EF4A5D /* DisplayBuildsView.m in Sources */,
				219E3B34144EBBFB00EF4A5D /* AddressFormatter.m in Sources */,
				218A0417144F8B1D0015AD0D /* BuildDashboard.m in Sources */,
				218A041B144F8B8C0015AD0D /* Build.m in Sources */,
				218A0429144F956F0015AD0D /* NSArray+Blocks.m in Sources */,
				2172413D1459152200DE5E82 /* UIColor+Hex.m in Sources */,
				217241521459289400DE5E82 /* UserData.m in Sources */,
				21F76C34144E839C00F0BB61 /* BuildDetailView.m in Sources */,
				21F76C34144E839C00F0BB64 /* BuildDetailController.m in Sources */,
				212FCF11145A51C1005B7615 /* EGORefreshTableHeaderView.m in Sources */,
				21F76C34144E839C00F0BB67 /* BuildDetail.m in Sources */,
				212FCF43145A9619005B7615 /* LoadingView.m in Sources */,
				212FCF4F145AC968005B7615 /* AboutView.m in Sources */,
				21A5AECA145B7C2800FCE78D /* UILabel+Heading.m in Sources */,
				216ABD9B145BEF240019400E /* NSString+Empty.m in Sources */,
				216ABDA7145C31370019400E /* UINavigationBar+Utilities.m in Sources */,
				21FA932A145E288E00166EB8 /* UINavigationController+Shadow.m in Sources */,
				217BFBBB145E779600C4A456 /* UIView+Size.m in Sources */,
				217BFBBE145E7B0400C4A456 /* ConnectionFailedView.m in Sources */,
				217BFBC1145E7E1700C4A456 /* MeaningfulErrors.m in Sources */,
				21491677145EB8E400BE9DC6 /* AboutController.m in Sources */,
				218ABD63145EDE24004713E6 /* NetworkCheck.m in Sources */,
				2128108C145FA85F004FF62A /* NotificationView.m in Sources */,
			);
			runOnlyForDeploymentPostprocessing = 0;
		};
/* End PBXSourcesBuildPhase section */

/* Begin PBXVariantGroup section */
		2152CC16144E65CA00F22682 /* InfoPlist.strings */ = {
			isa = PBXVariantGroup;
			children = (
				2152CC17144E65CA00F22682 /* en */,
			);
			name = InfoPlist.strings;
			sourceTree = "<group>";
		};
/* End PBXVariantGroup section */

/* Begin XCBuildConfiguration section */
		2152CC1F144E65CA00F22682 /* Debug */ = {
			isa = XCBuildConfiguration;
			buildSettings = {
				ALWAYS_SEARCH_USER_PATHS = NO;
				ARCHS = "$(ARCHS_STANDARD_32_BIT)";
				CLANG_ENABLE_OBJC_ARC = YES;
				"CODE_SIGN_IDENTITY[sdk=iphoneos*]" = "iPhone Developer";
				COPY_PHASE_STRIP = NO;
				GCC_C_LANGUAGE_STANDARD = gnu99;
				GCC_DYNAMIC_NO_PIC = NO;
				GCC_OPTIMIZATION_LEVEL = 0;
				GCC_PREPROCESSOR_DEFINITIONS = (
					"DEBUG=1",
					"$(inherited)",
				);
				GCC_SYMBOLS_PRIVATE_EXTERN = NO;
				GCC_VERSION = com.apple.compilers.llvm.clang.1_0;
				GCC_WARN_ABOUT_MISSING_PROTOTYPES = YES;
				GCC_WARN_ABOUT_RETURN_TYPE = YES;
				GCC_WARN_UNUSED_VARIABLE = YES;
				IPHONEOS_DEPLOYMENT_TARGET = 4.3;
				SDKROOT = iphoneos;
			};
			name = Debug;
		};
		2152CC20144E65CA00F22682 /* Release */ = {
			isa = XCBuildConfiguration;
			buildSettings = {
				ALWAYS_SEARCH_USER_PATHS = NO;
				ARCHS = "$(ARCHS_STANDARD_32_BIT)";
				CLANG_ENABLE_OBJC_ARC = YES;
				"CODE_SIGN_IDENTITY[sdk=iphoneos*]" = "iPhone Developer";
				COPY_PHASE_STRIP = YES;
				GCC_C_LANGUAGE_STANDARD = gnu99;
				GCC_VERSION = com.apple.compilers.llvm.clang.1_0;
				GCC_WARN_ABOUT_MISSING_PROTOTYPES = YES;
				GCC_WARN_ABOUT_RETURN_TYPE = YES;
				GCC_WARN_UNUSED_VARIABLE = YES;
				IPHONEOS_DEPLOYMENT_TARGET = 4.3;
				OTHER_CFLAGS = "-DNS_BLOCK_ASSERTIONS=1";
				SDKROOT = iphoneos;
				VALIDATE_PRODUCT = YES;
			};
			name = Release;
		};
		2152CC22144E65CA00F22682 /* Debug */ = {
			isa = XCBuildConfiguration;
			buildSettings = {
				GCC_PRECOMPILE_PREFIX_HEADER = YES;
				GCC_PREFIX_HEADER = "iBroke/iBroke-Prefix.pch";
				INFOPLIST_FILE = "iBroke/iBroke-Info.plist";
				IPHONEOS_DEPLOYMENT_TARGET = 4.0;
				LIBRARY_SEARCH_PATHS = /Users/mujtaba/code/iBroke;
				PRODUCT_NAME = "$(TARGET_NAME)";
				TARGETED_DEVICE_FAMILY = 1;
				WRAPPER_EXTENSION = app;
			};
			name = Debug;
		};
		2152CC23144E65CA00F22682 /* Release */ = {
			isa = XCBuildConfiguration;
			buildSettings = {
				GCC_PRECOMPILE_PREFIX_HEADER = YES;
				GCC_PREFIX_HEADER = "iBroke/iBroke-Prefix.pch";
				INFOPLIST_FILE = "iBroke/iBroke-Info.plist";
				IPHONEOS_DEPLOYMENT_TARGET = 4.0;
				LIBRARY_SEARCH_PATHS = /Users/mujtaba/code/iBroke;
				PRODUCT_NAME = "$(TARGET_NAME)";
				TARGETED_DEVICE_FAMILY = 1;
				WRAPPER_EXTENSION = app;
			};
			name = Release;
		};
/* End XCBuildConfiguration section */

/* Begin XCConfigurationList section */
		2152CC03144E65CA00F22682 /* Build configuration list for PBXProject "iBroke" */ = {
			isa = XCConfigurationList;
			buildConfigurations = (
				2152CC1F144E65CA00F22682 /* Debug */,
				2152CC20144E65CA00F22682 /* Release */,
			);
			defaultConfigurationIsVisible = 0;
			defaultConfigurationName = Release;
		};
		2152CC21144E65CA00F22682 /* Build configuration list for PBXNativeTarget "iBroke" */ = {
			isa = XCConfigurationList;
			buildConfigurations = (
				2152CC22144E65CA00F22682 /* Debug */,
				2152CC23144E65CA00F22682 /* Release */,
			);
			defaultConfigurationIsVisible = 0;
			defaultConfigurationName = Release;
		};
/* End XCConfigurationList section */
	};
	rootObject = 2152CC00144E65CA00F22682 /* Project object */;
}
